
Microsoft Visual Studio Solution File, Format Version 12.00
# Visual Studio 14
VisualStudioVersion = 14.0.24720.0
MinimumVisualStudioVersion = 10.0.40219.1
Project("{FAE04EC0-301F-11D3-BF4B-00C04F79EFBC}") = "ImgShareData", "ImgShareData\ImgShareData.csproj", "{118A460C-DA6B-4FF1-921A-56FED4543E54}"
EndProject
Project("{FAE04EC0-301F-11D3-BF4B-00C04F79EFBC}") = "ImgShareUnitTests", "ImgShareUnitTests\ImgShareUnitTests.csproj", "{FF9501D2-4843-4F36-9198-3D027C85E6BD}"
EndProject
Global
	GlobalSection(SolutionConfigurationPlatforms) = preSolution
		Debug|Any CPU = Debug|Any CPU
		Debug|ARM = Debug|ARM
		Debug|x64 = Debug|x64
		Debug|x86 = Debug|x86
		Release|Any CPU = Release|Any CPU
		Release|ARM = Release|ARM
		Release|x64 = Release|x64
		Release|x86 = Release|x86
	EndGlobalSection
	GlobalSection(ProjectConfigurationPlatforms) = postSolution
		{118A460C-DA6B-4FF1-921A-56FED4543E54}.Debug|Any CPU.ActiveCfg = Debug|Any CPU
		{118A460C-DA6B-4FF1-921A-56FED4543E54}.Debug|Any CPU.Build.0 = Debug|Any CPU
		{118A460C-DA6B-4FF1-921A-56FED4543E54}.Debug|ARM.ActiveCfg = Debug|ARM
		{118A460C-DA6B-4FF1-921A-56FED4543E54}.Debug|ARM.Build.0 = Debug|ARM
		{118A460C-DA6B-4FF1-921A-56FED4543E54}.Debug|x64.ActiveCfg = Debug|x64
		{118A460C-DA6B-4FF1-921A-56FED4543E54}.Debug|x64.Build.0 = Debug|x64
		{118A460C-DA6B-4FF1-921A-56FED4543E54}.Debug|x86.ActiveCfg = Debug|x86
		{118A460C-DA6B-4FF1-921A-56FED4543E54}.Debug|x86.Build.0 = Debug|x86
		{118A460C-DA6B-4FF1-921A-56FED4543E54}.Release|Any CPU.ActiveCfg = Release|Any CPU
		{118A460C-DA6B-4FF1-921A-56FED4543E54}.Release|Any CPU.Build.0 = Release|Any CPU
		{118A460C-DA6B-4FF1-921A-56FED4543E54}.Release|ARM.ActiveCfg = Release|ARM
		{118A460C-DA6B-4FF1-921A-56FED4543E54}.Release|ARM.Build.0 = Release|ARM
		{118A460C-DA6B-4FF1-921A-56FED4543E54}.Release|x64.ActiveCfg = Release|x64
		{118A460C-DA6B-4FF1-921A-56FED4543E54}.Release|x64.Build.0 = Release|x64
		{118A460C-DA6B-4FF1-921A-56FED4543E54}.Release|x86.ActiveCfg = Release|x86
		{118A460C-DA6B-4FF1-921A-56FED4543E54}.Release|x86.Build.0 = Release|x86
		{FF9501D2-4843-4F36-9198-3D027C85E6BD}.Debug|Any CPU.ActiveCfg = Debug|Any CPU
		{FF9501D2-4843-4F36-9198-3D027C85E6BD}.Debug|Any CPU.Build.0 = Debug|Any CPU
		{FF9501D2-4843-4F36-9198-3D027C85E6BD}.Debug|ARM.ActiveCfg = Debug|Any CPU
		{FF9501D2-4843-4F36-9198-3D027C85E6BD}.Debug|ARM.Build.0 = Debug|Any CPU
		{FF9501D2-4843-4F36-9198-3D027C85E6BD}.Debug|x64.ActiveCfg = Debug|Any CPU
		{FF9501D2-4843-4F36-9198-3D027C85E6BD}.Debug|x64.Build.0 = Debug|Any CPU
		{FF9501D2-4843-4F36-9198-3D027C85E6BD}.Debug|x86.ActiveCfg = Debug|Any CPU
		{FF9501D2-4843-4F36-9198-3D027C85E6BD}.Debug|x86.Build.0 = Debug|Any CPU
		{FF9501D2-4843-4F36-9198-3D027C85E6BD}.Release|Any CPU.ActiveCfg = Release|Any CPU
		{FF9501D2-4843-4F36-9198-3D027C85E6BD}.Release|Any CPU.Build.0 = Release|Any CPU
		{FF9501D2-4843-4F36-9198-3D027C85E6BD}.Release|ARM.ActiveCfg = Release|Any CPU
		{FF9501D2-4843-4F36-9198-3D027C85E6BD}.Release|ARM.Build.0 = Release|Any CPU
		{FF9501D2-4843-4F36-9198-3D027C85E6BD}.Release|x64.ActiveCfg = Release|Any CPU
		{FF9501D2-4843-4F36-9198-3D027C85E6BD}.Release|x64.Build.0 = Release|Any CPU
		{FF9501D2-4843-4F36-9198-3D027C85E6BD}.Release|x86.ActiveCfg = Release|Any CPU
		{FF9501D2-4843-4F36-9198-3D027C85E6BD}.Release|x86.Build.0 = Release|Any CPU
	EndGlobalSection
	GlobalSection(SolutionProperties) = preSolution
		HideSolutionNode = FALSE
	EndGlobalSection
EndGlobal
